version = 1
revision = 1
requires-python = ">=3.10"

[[package]]
name = "infotree-exporter-tools"
version = "0.1.0"
source = { virtual = "." }
dependencies = [
    { name = "json-stream" },
]

[package.metadata]
requires-dist = [{ name = "json-stream" }]

[[package]]
name = "json-stream"
version = "2.4.1"
source = { registry = "https://pypi.org/simple" }
dependencies = [
    { name = "json-stream-rs-tokenizer" },
]
sdist = { url = "https://files.pythonhosted.org/packages/bb/3a/18dc5aaf006e19632bb0cb3d14854ff7c8b84d18a65fda10f09a41495f44/json_stream-2.4.1.tar.gz", hash = "sha256:9491041faae7ea05fdd3d40768b8f9ee7ea4e40b168f27240b028a8bb0a1a3c2", size = 35170 }
wheels = [
    { url = "https://files.pythonhosted.org/packages/71/42/754adf29fd19e81024dc507bcf42d4184c89210c3db0f1c866f4b658214c/json_stream-2.4.1-py3-none-any.whl", hash = "sha256:d31dc2dbc8586c21a6e71e4bf4868133f86c53fc7fd62eb482005db579a6e3e6", size = 35009 },
]

[[package]]
name = "json-stream-rs-tokenizer"
version = "0.5.0"
source = { registry = "https://pypi.org/simple" }
sdist = { url = "https://files.pythonhosted.org/packages/90/01/50c61f606556256787dfa47fecdc13606f5a73d57661f8ffd9857274081b/json_stream_rs_tokenizer-0.5.0.tar.gz", hash = "sha256:71f609eccb955357e882f5b5ea4aa8db15597fb4b03c8034b2c584210cabe2cd", size = 35092 }
wheels = [
    { url = "https://files.pythonhosted.org/packages/4e/e8/a077ed33724425c37eedec53e62ccfc93f5fcc1af8858f3b14c32c85beb8/json_stream_rs_tokenizer-0.5.0-cp310-cp310-macosx_10_12_x86_64.whl", hash = "sha256:767f7bad22ef0e2cc9f5c2797751de77ff01b14bcc0aadbd394475c276e08b6d", size = 298959 },
    { url = "https://files.pythonhosted.org/packages/d2/be/010ea5d7deeaa45afb11ca7d706512f37d292ca7ef030ef97be77b68acec/json_stream_rs_tokenizer-0.5.0-cp310-cp310-macosx_11_0_arm64.whl", hash = "sha256:8ecf0d1c7e8270c043837a711cdea585ec1a92b51ae9c0fc9cb02ac5d782fcd4", size = 291962 },
    { url = "https://files.pythonhosted.org/packages/09/34/1fcc3b3b2641c45cb633fadf2fccd703098957796a23ac9107b085ec14e8/json_stream_rs_tokenizer-0.5.0-cp310-cp310-manylinux_2_28_aarch64.whl", hash = "sha256:e9610157c5c87365b2d3a895d816dcf7ebf5b885aacd2f6946beefe622701b20", size = 325425 },
    { url = "https://files.pythonhosted.org/packages/4c/3b/788c88fd5caf74fb910c8fd0ed021f1219b50870f98a35fed732cfb5c505/json_stream_rs_tokenizer-0.5.0-cp310-cp310-manylinux_2_28_x86_64.whl", hash = "sha256:90a24a4b39a255ac809366fb38afdb19667f17902ddb2369aa9b2d23e8ff6b9f", size = 334965 },
    { url = "https://files.pythonhosted.org/packages/4f/43/99d76616028b8214bc5efdc10f97c1cc8d600e2a0aaad6d7b3ba9150080b/json_stream_rs_tokenizer-0.5.0-cp310-cp310-win32.whl", hash = "sha256:70387ef52ea90c9ac4c149abb01746fcdf6bebcde6986ed251e329f90ca874b9", size = 174242 },
    { url = "https://files.pythonhosted.org/packages/d2/65/11f6d493a6e1b1e63a823c92f75b5ac438355a3082d11ce279cf63b48cf6/json_stream_rs_tokenizer-0.5.0-cp310-cp310-win_amd64.whl", hash = "sha256:d6e17c21b65a1303e428452fda5aed3a0cc920fa02cb1675ca13a33aa0edbe31", size = 180839 },
    { url = "https://files.pythonhosted.org/packages/04/8f/63fc92537d5f08f859b3de172bb645d44b5a565645aeee8d4f4540ab659b/json_stream_rs_tokenizer-0.5.0-cp311-cp311-macosx_10_12_x86_64.whl", hash = "sha256:7dcc6830cada6984ecdbba3854cfb63258108bd1fc148617177f472f4a8e2d10", size = 299135 },
    { url = "https://files.pythonhosted.org/packages/a2/ed/287d2d3a71774ff6e7d4562178bb819967b5d941580bd44341356e2ff2d8/json_stream_rs_tokenizer-0.5.0-cp311-cp311-macosx_11_0_arm64.whl", hash = "sha256:6cf274426b9ff691f10cc070b09cdc04873c7e6f0fa6b33c9ad14def24efae26", size = 291756 },
    { url = "https://files.pythonhosted.org/packages/40/e6/4ff2a732cc44f5f8bcae91436cb133e7b450b0ab0fa91d5129ee7cb1b11d/json_stream_rs_tokenizer-0.5.0-cp311-cp311-manylinux_2_28_aarch64.whl", hash = "sha256:fd1c740af9c0d3906603cdda2b453571233ff90cd7ff554cb7b02ac678c6855b", size = 325386 },
    { url = "https://files.pythonhosted.org/packages/78/e2/f09f0a2868f89dae43d5b41cdc8ae2f9499b3fb4e767c22bedf27bdb3822/json_stream_rs_tokenizer-0.5.0-cp311-cp311-manylinux_2_28_x86_64.whl", hash = "sha256:715dcf3cb6cf46bb1b94e23eda019ce43d00073e4423f90576223ce7f570d4ee", size = 335165 },
    { url = "https://files.pythonhosted.org/packages/ad/3f/dbcfc3cf3954eeac4c57a907791b8aa41575131094c28b21759019ddb8e4/json_stream_rs_tokenizer-0.5.0-cp311-cp311-win32.whl", hash = "sha256:7bdf1e4049bf7ae6dc3ccb1db23ea3f86da348c1bb8e5e106228f209ca29b429", size = 173968 },
    { url = "https://files.pythonhosted.org/packages/89/de/4e5239dbe46f386c00e0b73435352dbe957995249037060e861f11a85499/json_stream_rs_tokenizer-0.5.0-cp311-cp311-win_amd64.whl", hash = "sha256:eca2b004e17e57dab512daaff605d38b3553fdee46fd1a0d548ff9303af03b43", size = 181341 },
    { url = "https://files.pythonhosted.org/packages/c0/37/9d64574d01f29b5ef6eb1dfe69e1e8631201e0a8a6857fdf2b134fb9d5ca/json_stream_rs_tokenizer-0.5.0-cp312-cp312-macosx_10_13_x86_64.whl", hash = "sha256:a0bdf6a6e9bebaad68eb713872e0e5a4d9fa767489cc8753cc0f07a66a5570d7", size = 297087 },
    { url = "https://files.pythonhosted.org/packages/c4/c6/9b4ef5163e645313ce097a2d015ac9f5e7bf8206336a936dd60612e38fc4/json_stream_rs_tokenizer-0.5.0-cp312-cp312-macosx_11_0_arm64.whl", hash = "sha256:172cfd0c6d22228575efe6a53e6fb9df169d51dff66d4b74069a220ee9ba2fa3", size = 289247 },
    { url = "https://files.pythonhosted.org/packages/fa/29/8054018b21a2cf7af7dd90263580647b7ef83c5ed7d4e38d9b3553b78318/json_stream_rs_tokenizer-0.5.0-cp312-cp312-manylinux_2_28_aarch64.whl", hash = "sha256:4217e4ca324bc08cacdfcf5d8a3e7594248616ac1065b57aabe92cab0f8b4713", size = 320695 },
    { url = "https://files.pythonhosted.org/packages/bf/e6/e1e4067328e93177d003c34adad760ace3c148ade3f64ad1adea92972a09/json_stream_rs_tokenizer-0.5.0-cp312-cp312-manylinux_2_28_x86_64.whl", hash = "sha256:f5590574b53a337f836f31add62ad21d68112ffa35b5d75c6ff2fa3fd492e69f", size = 331660 },
    { url = "https://files.pythonhosted.org/packages/76/01/ace4d6fc91634adad5b769098dc3bf6142cf293d489e02e1821fcab54ab2/json_stream_rs_tokenizer-0.5.0-cp312-cp312-win32.whl", hash = "sha256:0890d7e6ca038846bf25a6aab66fd3d4dd8dc94bf5667c00d7ca4599817bc8fb", size = 172071 },
    { url = "https://files.pythonhosted.org/packages/89/24/2d97080d3d7cac1cfbc0f2c7200fa307e0c9418dbc84fd403f85a40931d6/json_stream_rs_tokenizer-0.5.0-cp312-cp312-win_amd64.whl", hash = "sha256:9d7e97baa5c84e189ef54c52c2310a97ebce80db5341c8fa6bb371ee8d346706", size = 179477 },
    { url = "https://files.pythonhosted.org/packages/0e/b8/2cf6e936604314265c76aa86324a14e1390c336702a741b13ded2f2a6ddc/json_stream_rs_tokenizer-0.5.0-cp313-cp313-macosx_10_13_x86_64.whl", hash = "sha256:a8300a0bf3846b2d9cd818b1b75107ae1e67f1f43d96587c1ed99bb8744039c9", size = 297092 },
    { url = "https://files.pythonhosted.org/packages/3a/84/fa953089b66f84be37fa3313855b8f95ca9d89aafd297f6e675d21cfb144/json_stream_rs_tokenizer-0.5.0-cp313-cp313-macosx_11_0_arm64.whl", hash = "sha256:040556e7e55979911ddf11bf96c8906b27f61105471ade52129094efa7fe9e1b", size = 289302 },
    { url = "https://files.pythonhosted.org/packages/9c/c5/2903f1e6b6d66ae3578cc63b672972d18af34d35ad08b59e7e0989e7eb44/json_stream_rs_tokenizer-0.5.0-cp313-cp313-manylinux_2_28_aarch64.whl", hash = "sha256:d163b06242d2f31cbd8efd6deb27386f7fc8fdf391a933c92463b24c94e74f56", size = 320726 },
    { url = "https://files.pythonhosted.org/packages/51/9f/362c5093c5329c989f3ae5ff1be63ba39fef7a1c356b11da14c3174139ba/json_stream_rs_tokenizer-0.5.0-cp313-cp313-manylinux_2_28_x86_64.whl", hash = "sha256:501a4c5133aa68b642955e86b8d68bea7a563324570684627c0b10bccf3864aa", size = 331754 },
    { url = "https://files.pythonhosted.org/packages/31/f0/2911d7c8a5fd3ce52d38ee2b7fe2f2ceff0d124ee4e4491e507bd6013070/json_stream_rs_tokenizer-0.5.0-cp313-cp313-win32.whl", hash = "sha256:11d5771373ba232fe4589c49494874b51d2750102d2cbe760396fc71553bc438", size = 172162 },
    { url = "https://files.pythonhosted.org/packages/b4/f1/f992895d069297e4aa7a14ff1e510645fb8f2f8e16648484e6c68150bbae/json_stream_rs_tokenizer-0.5.0-cp313-cp313-win_amd64.whl", hash = "sha256:2141158a691205d85dc1192152a64dd2d5054c120851b9f89a1c195b34ac49c3", size = 178844 },
    { url = "https://files.pythonhosted.org/packages/5c/44/1914aeaaa2213824b190492609322da3e457cf01cf98ac8fba49d806c92e/json_stream_rs_tokenizer-0.5.0-cp314-cp314-macosx_10_15_x86_64.whl", hash = "sha256:514c8d46ea1b4f05eb2787d47b281065333b094ddec2c9b61417837db005bf0b", size = 296828 },
    { url = "https://files.pythonhosted.org/packages/2a/95/57308b3b85b0ecb2c0d4bf047347d963969d3a30c380ad8ea184f57fa580/json_stream_rs_tokenizer-0.5.0-cp314-cp314-macosx_11_0_arm64.whl", hash = "sha256:ecc399d1bca1862e563a5d3d06260476890620fed4755ee3e57ae0e8ff476adf", size = 287991 },
    { url = "https://files.pythonhosted.org/packages/af/22/35c7f8ef0f620b68c27baf068de318fc20ac769bc9890280fcced9994803/json_stream_rs_tokenizer-0.5.0-cp314-cp314-manylinux_2_28_aarch64.whl", hash = "sha256:f62cef6b75d8182ad5f62a44e2c98e583b37c94cab60d6fc5e72e508b12f5fc2", size = 321398 },
    { url = "https://files.pythonhosted.org/packages/73/c4/867eb36d14e60c8715bca8cc03ca6a53d5d1761bac909311580d59b1ef8f/json_stream_rs_tokenizer-0.5.0-cp314-cp314-manylinux_2_28_x86_64.whl", hash = "sha256:d42b70972c6b1acfa4058687d9e7bdd34cc864ed12942e22f601bb3313bd0d81", size = 331676 },
    { url = "https://files.pythonhosted.org/packages/7e/df/67d8b34810412cb3ef1d1ec6e5bd014473d262b9f68faea90316602ba6ad/json_stream_rs_tokenizer-0.5.0-cp314-cp314-win32.whl", hash = "sha256:9ec0aa25e876499ea9977a1f0f8355330972c172f25c657a67f2ac4b6cc90020", size = 176388 },
    { url = "https://files.pythonhosted.org/packages/ff/43/a0e0566e731131e392c3e58cc68163da04b273d62c86210cb3a6497cf10a/json_stream_rs_tokenizer-0.5.0-cp314-cp314-win_amd64.whl", hash = "sha256:c71b9028c166a70436b6f84a24b56e348fdbb7d104c3ad8ebc7efaa4342016da", size = 183533 },
    { url = "https://files.pythonhosted.org/packages/82/56/504f0c1219953aecb27e6767f764482db496c503b4fa08c8491cbe852e74/json_stream_rs_tokenizer-0.5.0-pp311-pypy311_pp73-macosx_10_15_x86_64.whl", hash = "sha256:215f0494116cb2f6230e70085717cd8fdf4cee0ee9232a6041e67e9dc363db38", size = 293196 },
    { url = "https://files.pythonhosted.org/packages/b2/d9/236a20614e15800998946697a388a3ac898d567f29bd051bc1b62b14fc55/json_stream_rs_tokenizer-0.5.0-pp311-pypy311_pp73-macosx_11_0_arm64.whl", hash = "sha256:f8a209e98426e225668f8e1b66ceb60c2a12bb03a296077dffd7eb4c2cdaa1df", size = 286847 },
    { url = "https://files.pythonhosted.org/packages/f6/57/a09a8292a471565c483d6892a03beb9ec56d26db6df4dfb3d81f0c53f04c/json_stream_rs_tokenizer-0.5.0-pp311-pypy311_pp73-manylinux_2_28_aarch64.whl", hash = "sha256:3544e5a5540800791176060cb9e2ea6fb96b455f48045b41442f6e63a9d24e3c", size = 318162 },
    { url = "https://files.pythonhosted.org/packages/0d/48/da8d10e9d68c7f8b9b92e57e47c0d3043a545ab70dd9101fd4b71205426c/json_stream_rs_tokenizer-0.5.0-pp311-pypy311_pp73-manylinux_2_28_x86_64.whl", hash = "sha256:e5d5c983c149beefed82299def72998f1882e3a31694737e0c76b8f94ac50aa8", size = 329383 },
    { url = "https://files.pythonhosted.org/packages/24/00/b02b1cf42b67fcd1ef887d5f2e75cbf14cb15b039f877c8a1d0de3689baa/json_stream_rs_tokenizer-0.5.0-pp311-pypy311_pp73-win_amd64.whl", hash = "sha256:45662b8bf48826c77d8512020c65b1030cf5248d76edd55c5914a50af9a2ec63", size = 175432 },
]
